// !$*UTF8*$!
{
	archiveVersion = 1;
	classes = {
	};
	objectVersion = 55;
	objects = {

/* Begin PBXBuildFile section */
		6E63A5D3273E562F00E0A6E3 /* NetworkService.swift in Sources */ = {isa = PBXBuildFile; fileRef = 6E63A5D2273E562F00E0A6E3 /* NetworkService.swift */; };
		6E63A5D7273E66EF00E0A6E3 /* NetworkDataFetcher.swift in Sources */ = {isa = PBXBuildFile; fileRef = 6E63A5D6273E66EF00E0A6E3 /* NetworkDataFetcher.swift */; };
		6ED86ED8273D63AC00475A23 /* AppDelegate.swift in Sources */ = {isa = PBXBuildFile; fileRef = 6ED86ED7273D63AC00475A23 /* AppDelegate.swift */; };
		6ED86EDA273D63AC00475A23 /* SceneDelegate.swift in Sources */ = {isa = PBXBuildFile; fileRef = 6ED86ED9273D63AC00475A23 /* SceneDelegate.swift */; };
		6ED86EDC273D63AC00475A23 /* ViewController.swift in Sources */ = {isa = PBXBuildFile; fileRef = 6ED86EDB273D63AC00475A23 /* ViewController.swift */; };
		6ED86EDF273D63AC00475A23 /* Main.storyboard in Resources */ = {isa = PBXBuildFile; fileRef = 6ED86EDD273D63AC00475A23 /* Main.storyboard */; };
		6ED86EE1273D63AD00475A23 /* Assets.xcassets in Resources */ = {isa = PBXBuildFile; fileRef = 6ED86EE0273D63AD00475A23 /* Assets.xcassets */; };
		6ED86EE4273D63AD00475A23 /* LaunchScreen.storyboard in Resources */ = {isa = PBXBuildFile; fileRef = 6ED86EE2273D63AD00475A23 /* LaunchScreen.storyboard */; };
		6ED86EEC273D7B1B00475A23 /* SearchResponse.swift in Sources */ = {isa = PBXBuildFile; fileRef = 6ED86EEB273D7B1B00475A23 /* SearchResponse.swift */; };
/* End PBXBuildFile section */

/* Begin PBXFileReference section */
		6E63A5D2273E562F00E0A6E3 /* NetworkService.swift */ = {isa = PBXFileReference; lastKnownFileType = sourcecode.swift; path = NetworkService.swift; sourceTree = "<group>"; };
		6E63A5D6273E66EF00E0A6E3 /* NetworkDataFetcher.swift */ = {isa = PBXFileReference; lastKnownFileType = sourcecode.swift; path = NetworkDataFetcher.swift; sourceTree = "<group>"; };
		6ED86ED4273D63AC00475A23 /* JSON for MusicApp.app */ = {isa = PBXFileReference; explicitFileType = wrapper.application; includeInIndex = 0; path = "JSON for MusicApp.app"; sourceTree = BUILT_PRODUCTS_DIR; };
		6ED86ED7273D63AC00475A23 /* AppDelegate.swift */ = {isa = PBXFileReference; lastKnownFileType = sourcecode.swift; path = AppDelegate.swift; sourceTree = "<group>"; };
		6ED86ED9273D63AC00475A23 /* SceneDelegate.swift */ = {isa = PBXFileReference; lastKnownFileType = sourcecode.swift; path = SceneDelegate.swift; sourceTree = "<group>"; };
		6ED86EDB273D63AC00475A23 /* ViewController.swift */ = {isa = PBXFileReference; lastKnownFileType = sourcecode.swift; path = ViewController.swift; sourceTree = "<group>"; };
		6ED86EDE273D63AC00475A23 /* Base */ = {isa = PBXFileReference; lastKnownFileType = file.storyboard; name = Base; path = Base.lproj/Main.storyboard; sourceTree = "<group>"; };
		6ED86EE0273D63AD00475A23 /* Assets.xcassets */ = {isa = PBXFileReference; lastKnownFileType = folder.assetcatalog; path = Assets.xcassets; sourceTree = "<group>"; };
		6ED86EE3273D63AD00475A23 /* Base */ = {isa = PBXFileReference; lastKnownFileType = file.storyboard; name = Base; path = Base.lproj/LaunchScreen.storyboard; sourceTree = "<group>"; };
		6ED86EE5273D63AD00475A23 /* Info.plist */ = {isa = PBXFileReference; lastKnownFileType = text.plist.xml; path = Info.plist; sourceTree = "<group>"; };
		6ED86EEB273D7B1B00475A23 /* SearchResponse.swift */ = {isa = PBXFileReference; lastKnownFileType = sourcecode.swift; path = SearchResponse.swift; sourceTree = "<group>"; };
/* End PBXFileReference section */

/* Begin PBXFrameworksBuildPhase section */
		6ED86ED1273D63AC00475A23 /* Frameworks */ = {
			isa = PBXFrameworksBuildPhase;
			buildActionMask = 2147483647;
			files = (
			);
			runOnlyForDeploymentPostprocessing = 0;
		};
/* End PBXFrameworksBuildPhase section */

/* Begin PBXGroup section */
		6E63A5D4273E57A100E0A6E3 /* Models */ = {
			isa = PBXGroup;
			children = (
				6ED86EEB273D7B1B00475A23 /* SearchResponse.swift */,
			);
			path = Models;
			sourceTree = "<group>";
		};
		6E63A5D5273E57C200E0A6E3 /* Networking */ = {
			isa = PBXGroup;
			children = (
				6E63A5D2273E562F00E0A6E3 /* NetworkService.swift */,
				6E63A5D6273E66EF00E0A6E3 /* NetworkDataFetcher.swift */,
			);
			path = Networking;
			sourceTree = "<group>";
		};
		6ED86ECB273D63AC00475A23 = {
			isa = PBXGroup;
			children = (
				6ED86ED6273D63AC00475A23 /* JSON for MusicApp */,
				6ED86ED5273D63AC00475A23 /* Products */,
			);
			sourceTree = "<group>";
		};
		6ED86ED5273D63AC00475A23 /* Products */ = {
			isa = PBXGroup;
			children = (
				6ED86ED4273D63AC00475A23 /* JSON for MusicApp.app */,
			);
			name = Products;
			sourceTree = "<group>";
		};
		6ED86ED6273D63AC00475A23 /* JSON for MusicApp */ = {
			isa = PBXGroup;
			children = (
				6ED86ED7273D63AC00475A23 /* AppDelegate.swift */,
				6ED86ED9273D63AC00475A23 /* SceneDelegate.swift */,
				6ED86EDB273D63AC00475A23 /* ViewController.swift */,
				6E63A5D5273E57C200E0A6E3 /* Networking */,
				6E63A5D4273E57A100E0A6E3 /* Models */,
				6ED86EDD273D63AC00475A23 /* Main.storyboard */,
				6ED86EE0273D63AD00475A23 /* Assets.xcassets */,
				6ED86EE2273D63AD00475A23 /* LaunchScreen.storyboard */,
				6ED86EE5273D63AD00475A23 /* Info.plist */,
			);
			path = "JSON for MusicApp";
			sourceTree = "<group>";
		};
/* End PBXGroup section */

/* Begin PBXNativeTarget section */
		6ED86ED3273D63AC00475A23 /* JSON for MusicApp */ = {
			isa = PBXNativeTarget;
			buildConfigurationList = 6ED86EE8273D63AD00475A23 /* Build configuration list for PBXNativeTarget "JSON for MusicApp" */;
			buildPhases = (
				6ED86ED0273D63AC00475A23 /* Sources */,
				6ED86ED1273D63AC00475A23 /* Frameworks */,
				6ED86ED2273D63AC00475A23 /* Resources */,
			);
			buildRules = (
			);
			dependencies = (
			);
			name = "JSON for MusicApp";
			productName = "JSON for MusicApp";
			productReference = 6ED86ED4273D63AC00475A23 /* JSON for MusicApp.app */;
			productType = "com.apple.product-type.application";
		};
/* End PBXNativeTarget section */

/* Begin PBXProject section */
		6ED86ECC273D63AC00475A23 /* Project object */ = {
			isa = PBXProject;
			attributes = {
				BuildIndependentTargetsInParallel = 1;
				LastSwiftUpdateCheck = 1310;
				LastUpgradeCheck = 1310;
				TargetAttributes = {
					6ED86ED3273D63AC00475A23 = {
						CreatedOnToolsVersion = 13.1;
					};
				};
			};
			buildConfigurationList = 6ED86ECF273D63AC00475A23 /* Build configuration list for PBXProject "JSON for MusicApp" */;
			compatibilityVersion = "Xcode 13.0";
			developmentRegion = en;
			hasScannedForEncodings = 0;
			knownRegions = (
				en,
				Base,
			);
			mainGroup = 6ED86ECB273D63AC00475A23;
			productRefGroup = 6ED86ED5273D63AC00475A23 /* Products */;
			projectDirPath = "";
			projectRoot = "";
			targets = (
				6ED86ED3273D63AC00475A23 /* JSON for MusicApp */,
			);
		};
/* End PBXProject section */

/* Begin PBXResourcesBuildPhase section */
		6ED86ED2273D63AC00475A23 /* Resources */ = {
			isa = PBXResourcesBuildPhase;
			buildActionMask = 2147483647;
			files = (
				6ED86EE4273D63AD00475A23 /* LaunchScreen.storyboard in Resources */,
				6ED86EE1273D63AD00475A23 /* Assets.xcassets in Resources */,
				6ED86EDF273D63AC00475A23 /* Main.storyboard in Resources */,
			);
			runOnlyForDeploymentPostprocessing = 0;
		};
/* End PBXResourcesBuildPhase section */

/* Begin PBXSourcesBuildPhase section */
		6ED86ED0273D63AC00475A23 /* Sources */ = {
			isa = PBXSourcesBuildPhase;
			buildActionMask = 2147483647;
			files = (
				6E63A5D7273E66EF00E0A6E3 /* NetworkDataFetcher.swift in Sources */,
				6E63A5D3273E562F00E0A6E3 /* NetworkService.swift in Sources */,
				6ED86EEC273D7B1B00475A23 /* SearchResponse.swift in Sources */,
				6ED86EDC273D63AC00475A23 /* ViewController.swift in Sources */,
				6ED86ED8273D63AC00475A23 /* AppDelegate.swift in Sources */,
				6ED86EDA273D63AC00475A23 /* SceneDelegate.swift in Sources */,
			);
			runOnlyForDeploymentPostprocessing = 0;
		};
/* End PBXSourcesBuildPhase section */

/* Begin PBXVariantGroup section */
		6ED86EDD273D63AC00475A23 /* Main.storyboard */ = {
			isa = PBXVariantGroup;
			children = (
				6ED86EDE273D63AC00475A23 /* Base */,
			);
			name = Main.storyboard;
			sourceTree = "<group>";
		};
		6ED86EE2273D63AD00475A23 /* LaunchScreen.storyboard */ = {
			isa = PBXVariantGroup;
			children = (
				6ED86EE3273D63AD00475A23 /* Base */,
			);
			name = LaunchScreen.storyboard;
			sourceTree = "<group>";
		};
/* End PBXVariantGroup section */

/* Begin XCBuildConfiguration section */
		6ED86EE6273D63AD00475A23 /* Debug */ = {
			isa = XCBuildConfiguration;
			buildSettings = {
				ALWAYS_SEARCH_USER_PATHS = NO;
				CLANG_ANALYZER_NONNULL = YES;
				CLANG_ANALYZER_NUMBER_OBJECT_CONVERSION = YES_AGGRESSIVE;
				CLANG_CXX_LANGUAGE_STANDARD = "gnu++17";
				CLANG_CXX_LIBRARY = "libc++";
				CLANG_ENABLE_MODULES = YES;
				CLANG_ENABLE_OBJC_ARC = YES;
				CLANG_ENABLE_OBJC_WEAK = YES;
				CLANG_WARN_BLOCK_CAPTURE_AUTORELEASING = YES;
				CLANG_WARN_BOOL_CONVERSION = YES;
				CLANG_WARN_COMMA = YES;
				CLANG_WARN_CONSTANT_CONVERSION = YES;
				CLANG_WARN_DEPRECATED_OBJC_IMPLEMENTATIONS = YES;
				CLANG_WARN_DIRECT_OBJC_ISA_USAGE = YES_ERROR;
				CLANG_WARN_DOCUMENTATION_COMMENTS = YES;
				CLANG_WARN_EMPTY_BODY = YES;
				CLANG_WARN_ENUM_CONVERSION = YES;
				CLANG_WARN_INFINITE_RECURSION = YES;
				CLANG_WARN_INT_CONVERSION = YES;
				CLANG_WARN_NON_LITERAL_NULL_CONVERSION = YES;
				CLANG_WARN_OBJC_IMPLICIT_RETAIN_SELF = YES;
				CLANG_WARN_OBJC_LITERAL_CONVERSION = YES;
				CLANG_WARN_OBJC_ROOT_CLASS = YES_ERROR;
				CLANG_WARN_QUOTED_INCLUDE_IN_FRAMEWORK_HEADER = YES;
				CLANG_WARN_RANGE_LOOP_ANALYSIS = YES;
				CLANG_WARN_STRICT_PROTOTYPES = YES;
				CLANG_WARN_SUSPICIOUS_MOVE = YES;
				CLANG_WARN_UNGUARDED_AVAILABILITY = YES_AGGRESSIVE;
				CLANG_WARN_UNREACHABLE_CODE = YES;
				CLANG_WARN__DUPLICATE_METHOD_MATCH = YES;
				COPY_PHASE_STRIP = NO;
				DEBUG_INFORMATION_FORMAT = dwarf;
				ENABLE_STRICT_OBJC_MSGSEND = YES;
				ENABLE_TESTABILITY = YES;
				GCC_C_LANGUAGE_STANDARD = gnu11;
				GCC_DYNAMIC_NO_PIC = NO;
				GCC_NO_COMMON_BLOCKS = YES;
				GCC_OPTIMIZATION_LEVEL = 0;
				GCC_PREPROCESSOR_DEFINITIONS = (
					"DEBUG=1",
					"$(inherited)",
				);
				GCC_WARN_64_TO_32_BIT_CONVERSION = YES;
				GCC_WARN_ABOUT_RETURN_TYPE = YES_ERROR;
				GCC_WARN_UNDECLARED_SELECTOR = YES;
				GCC_WARN_UNINITIALIZED_AUTOS = YES_AGGRESSIVE;
				GCC_WARN_UNUSED_FUNCTION = YES;
				GCC_WARN_UNUSED_VARIABLE = YES;
				IPHONEOS_DEPLOYMENT_TARGET = 15.0;
				MTL_ENABLE_DEBUG_INFO = INCLUDE_SOURCE;
				MTL_FAST_MATH = YES;
				ONLY_ACTIVE_ARCH = YES;
				SDKROOT = iphoneos;
				SWIFT_ACTIVE_COMPILATION_CONDITIONS = DEBUG;
				SWIFT_OPTIMIZATION_LEVEL = "-Onone";
			};
			name = Debug;
		};
		6ED86EE7273D63AD00475A23 /* Release */ = {
			isa = XCBuildConfiguration;
			buildSettings = {
				ALWAYS_SEARCH_USER_PATHS = NO;
				CLANG_ANALYZER_NONNULL = YES;
				CLANG_ANALYZER_NUMBER_OBJECT_CONVERSION = YES_AGGRESSIVE;
				CLANG_CXX_LANGUAGE_STANDARD = "gnu++17";
				CLANG_CXX_LIBRARY = "libc++";
				CLANG_ENABLE_MODULES = YES;
				CLANG_ENABLE_OBJC_ARC = YES;
				CLANG_ENABLE_OBJC_WEAK = YES;
				CLANG_WARN_BLOCK_CAPTURE_AUTORELEASING = YES;
				CLANG_WARN_BOOL_CONVERSION = YES;
				CLANG_WARN_COMMA = YES;
				CLANG_WARN_CONSTANT_CONVERSION = YES;
				CLANG_WARN_DEPRECATED_OBJC_IMPLEMENTATIONS = YES;
				CLANG_WARN_DIRECT_OBJC_ISA_USAGE = YES_ERROR;
				CLANG_WARN_DOCUMENTATION_COMMENTS = YES;
				CLANG_WARN_EMPTY_BODY = YES;
				CLANG_WARN_ENUM_CONVERSION = YES;
				CLANG_WARN_INFINITE_RECURSION = YES;
				CLANG_WARN_INT_CONVERSION = YES;
				CLANG_WARN_NON_LITERAL_NULL_CONVERSION = YES;
				CLANG_WARN_OBJC_IMPLICIT_RETAIN_SELF = YES;
				CLANG_WARN_OBJC_LITERAL_CONVERSION = YES;
				CLANG_WARN_OBJC_ROOT_CLASS = YES_ERROR;
				CLANG_WARN_QUOTED_INCLUDE_IN_FRAMEWORK_HEADER = YES;
				CLANG_WARN_RANGE_LOOP_ANALYSIS = YES;
				CLANG_WARN_STRICT_PROTOTYPES = YES;
				CLANG_WARN_SUSPICIOUS_MOVE = YES;
				CLANG_WARN_UNGUARDED_AVAILABILITY = YES_AGGRESSIVE;
				CLANG_WARN_UNREACHABLE_CODE = YES;
				CLANG_WARN__DUPLICATE_METHOD_MATCH = YES;
				COPY_PHASE_STRIP = NO;
				DEBUG_INFORMATION_FORMAT = "dwarf-with-dsym";
				ENABLE_NS_ASSERTIONS = NO;
				ENABLE_STRICT_OBJC_MSGSEND = YES;
				GCC_C_LANGUAGE_STANDARD = gnu11;
				GCC_NO_COMMON_BLOCKS = YES;
				GCC_WARN_64_TO_32_BIT_CONVERSION = YES;
				GCC_WARN_ABOUT_RETURN_TYPE = YES_ERROR;
				GCC_WARN_UNDECLARED_SELECTOR = YES;
				GCC_WARN_UNINITIALIZED_AUTOS = YES_AGGRESSIVE;
				GCC_WARN_UNUSED_FUNCTION = YES;
				GCC_WARN_UNUSED_VARIABLE = YES;
				IPHONEOS_DEPLOYMENT_TARGET = 15.0;
				MTL_ENABLE_DEBUG_INFO = NO;
				MTL_FAST_MATH = YES;
				SDKROOT = iphoneos;
				SWIFT_COMPILATION_MODE = wholemodule;
				SWIFT_OPTIMIZATION_LEVEL = "-O";
				VALIDATE_PRODUCT = YES;
			};
			name = Release;
		};
		6ED86EE9273D63AD00475A23 /* Debug */ = {
			isa = XCBuildConfiguration;
			buildSettings = {
				ASSETCATALOG_COMPILER_APPICON_NAME = AppIcon;
				ASSETCATALOG_COMPILER_GLOBAL_ACCENT_COLOR_NAME = AccentColor;
				CODE_SIGN_STYLE = Automatic;
				CURRENT_PROJECT_VERSION = 1;
				DEVELOPMENT_TEAM = NHUDCP2K7S;
				GENERATE_INFOPLIST_FILE = YES;
				INFOPLIST_FILE = "JSON for MusicApp/Info.plist";
				INFOPLIST_KEY_UIApplicationSupportsIndirectInputEvents = YES;
				INFOPLIST_KEY_UILaunchStoryboardName = LaunchScreen;
				INFOPLIST_KEY_UIMainStoryboardFile = Main;
				INFOPLIST_KEY_UISupportedInterfaceOrientations_iPad = "UIInterfaceOrientationPortrait UIInterfaceOrientationPortraitUpsideDown UIInterfaceOrientationLandscapeLeft UIInterfaceOrientationLandscapeRight";
				INFOPLIST_KEY_UISupportedInterfaceOrientations_iPhone = "UIInterfaceOrientationPortrait UIInterfaceOrientationLandscapeLeft UIInterfaceOrientationLandscapeRight";
				LD_RUNPATH_SEARCH_PATHS = (
					"$(inherited)",
					"@executable_path/Frameworks",
				);
				MARKETING_VERSION = 1.0;
				PRODUCT_BUNDLE_IDENTIFIER = "ValentinaLuchinovich.JSON-for-MusicApp";
				PRODUCT_NAME = "$(TARGET_NAME)";
				SWIFT_EMIT_LOC_STRINGS = YES;
				SWIFT_VERSION = 5.0;
				TARGETED_DEVICE_FAMILY = "1,2";
			};
			name = Debug;
		};
		6ED86EEA273D63AD00475A23 /* Release */ = {
			isa = XCBuildConfiguration;
			buildSettings = {
				ASSETCATALOG_COMPILER_APPICON_NAME = AppIcon;
				ASSETCATALOG_COMPILER_GLOBAL_ACCENT_COLOR_NAME = AccentColor;
				CODE_SIGN_STYLE = Automatic;
				CURRENT_PROJECT_VERSION = 1;
				DEVELOPMENT_TEAM = NHUDCP2K7S;
				GENERATE_INFOPLIST_FILE = YES;
				INFOPLIST_FILE = "JSON for MusicApp/Info.plist";
				INFOPLIST_KEY_UIApplicationSupportsIndirectInputEvents = YES;
				INFOPLIST_KEY_UILaunchStoryboardName = LaunchScreen;
				INFOPLIST_KEY_UIMainStoryboardFile = Main;
				INFOPLIST_KEY_UISupportedInterfaceOrientations_iPad = "UIInterfaceOrientationPortrait UIInterfaceOrientationPortraitUpsideDown UIInterfaceOrientationLandscapeLeft UIInterfaceOrientationLandscapeRight";
				INFOPLIST_KEY_UISupportedInterfaceOrientations_iPhone = "UIInterfaceOrientationPortrait UIInterfaceOrientationLandscapeLeft UIInterfaceOrientationLandscapeRight";
				LD_RUNPATH_SEARCH_PATHS = (
					"$(inherited)",
					"@executable_path/Frameworks",
				);
				MARKETING_VERSION = 1.0;
				PRODUCT_BUNDLE_IDENTIFIER = "ValentinaLuchinovich.JSON-for-MusicApp";
				PRODUCT_NAME = "$(TARGET_NAME)";
				SWIFT_EMIT_LOC_STRINGS = YES;
				SWIFT_VERSION = 5.0;
				TARGETED_DEVICE_FAMILY = "1,2";
			};
			name = Release;
		};
/* End XCBuildConfiguration section */

/* Begin XCConfigurationList section */
		6ED86ECF273D63AC00475A23 /* Build configuration list for PBXProject "JSON for MusicApp" */ = {
			isa = XCConfigurationList;
			buildConfigurations = (
				6ED86EE6273D63AD00475A23 /* Debug */,
				6ED86EE7273D63AD00475A23 /* Release */,
			);
			defaultConfigurationIsVisible = 0;
			defaultConfigurationName = Release;
		};
		6ED86EE8273D63AD00475A23 /* Build configuration list for PBXNativeTarget "JSON for MusicApp" */ = {
			isa = XCConfigurationList;
			buildConfigurations = (
				6ED86EE9273D63AD00475A23 /* Debug */,
				6ED86EEA273D63AD00475A23 /* Release */,
			);
			defaultConfigurationIsVisible = 0;
			defaultConfigurationName = Release;
		};
/* End XCConfigurationList section */
	};
	rootObject = 6ED86ECC273D63AC00475A23 /* Project object */;
}
